
Microsoft Visual Studio Solution File, Format Version 12.00
# Visual Studio 15
VisualStudioVersion = 15.0.26124.0
MinimumVisualStudioVersion = 15.0.26124.0
Project("{FAE04EC0-301F-11D3-BF4B-00C04F79EFBC}") = "Domain", "Domain\Domain.csproj", "{2B55E753-A361-41D2-9EA1-ECA1415ED6CD}"
EndProject
Project("{FAE04EC0-301F-11D3-BF4B-00C04F79EFBC}") = "Application", "Application\Application.csproj", "{91F7E2A9-24E2-49ED-8971-F427146D82D8}"
EndProject
Project("{FAE04EC0-301F-11D3-BF4B-00C04F79EFBC}") = "Persistence", "Persistence\Persistence.csproj", "{0486E721-5543-4513-9EEE-58D77D97572B}"
EndProject
Project("{FAE04EC0-301F-11D3-BF4B-00C04F79EFBC}") = "API", "API\API.csproj", "{644EF707-EA0C-42AF-BF92-9641A3975DC4}"
EndProject
Project("{FAE04EC0-301F-11D3-BF4B-00C04F79EFBC}") = "Infrastructure", "Infrastructure\Infrastructure.csproj", "{C0439605-A31C-46B6-9D2F-7553E5C052E8}"
EndProject
Global
	GlobalSection(SolutionConfigurationPlatforms) = preSolution
		Debug|Any CPU = Debug|Any CPU
		Debug|x64 = Debug|x64
		Debug|x86 = Debug|x86
		Release|Any CPU = Release|Any CPU
		Release|x64 = Release|x64
		Release|x86 = Release|x86
	EndGlobalSection
	GlobalSection(SolutionProperties) = preSolution
		HideSolutionNode = FALSE
	EndGlobalSection
	GlobalSection(ProjectConfigurationPlatforms) = postSolution
		{2B55E753-A361-41D2-9EA1-ECA1415ED6CD}.Debug|Any CPU.ActiveCfg = Debug|Any CPU
		{2B55E753-A361-41D2-9EA1-ECA1415ED6CD}.Debug|Any CPU.Build.0 = Debug|Any CPU
		{2B55E753-A361-41D2-9EA1-ECA1415ED6CD}.Debug|x64.ActiveCfg = Debug|Any CPU
		{2B55E753-A361-41D2-9EA1-ECA1415ED6CD}.Debug|x64.Build.0 = Debug|Any CPU
		{2B55E753-A361-41D2-9EA1-ECA1415ED6CD}.Debug|x86.ActiveCfg = Debug|Any CPU
		{2B55E753-A361-41D2-9EA1-ECA1415ED6CD}.Debug|x86.Build.0 = Debug|Any CPU
		{2B55E753-A361-41D2-9EA1-ECA1415ED6CD}.Release|Any CPU.ActiveCfg = Release|Any CPU
		{2B55E753-A361-41D2-9EA1-ECA1415ED6CD}.Release|Any CPU.Build.0 = Release|Any CPU
		{2B55E753-A361-41D2-9EA1-ECA1415ED6CD}.Release|x64.ActiveCfg = Release|Any CPU
		{2B55E753-A361-41D2-9EA1-ECA1415ED6CD}.Release|x64.Build.0 = Release|Any CPU
		{2B55E753-A361-41D2-9EA1-ECA1415ED6CD}.Release|x86.ActiveCfg = Release|Any CPU
		{2B55E753-A361-41D2-9EA1-ECA1415ED6CD}.Release|x86.Build.0 = Release|Any CPU
		{91F7E2A9-24E2-49ED-8971-F427146D82D8}.Debug|Any CPU.ActiveCfg = Debug|Any CPU
		{91F7E2A9-24E2-49ED-8971-F427146D82D8}.Debug|Any CPU.Build.0 = Debug|Any CPU
		{91F7E2A9-24E2-49ED-8971-F427146D82D8}.Debug|x64.ActiveCfg = Debug|Any CPU
		{91F7E2A9-24E2-49ED-8971-F427146D82D8}.Debug|x64.Build.0 = Debug|Any CPU
		{91F7E2A9-24E2-49ED-8971-F427146D82D8}.Debug|x86.ActiveCfg = Debug|Any CPU
		{91F7E2A9-24E2-49ED-8971-F427146D82D8}.Debug|x86.Build.0 = Debug|Any CPU
		{91F7E2A9-24E2-49ED-8971-F427146D82D8}.Release|Any CPU.ActiveCfg = Release|Any CPU
		{91F7E2A9-24E2-49ED-8971-F427146D82D8}.Release|Any CPU.Build.0 = Release|Any CPU
		{91F7E2A9-24E2-49ED-8971-F427146D82D8}.Release|x64.ActiveCfg = Release|Any CPU
		{91F7E2A9-24E2-49ED-8971-F427146D82D8}.Release|x64.Build.0 = Release|Any CPU
		{91F7E2A9-24E2-49ED-8971-F427146D82D8}.Release|x86.ActiveCfg = Release|Any CPU
		{91F7E2A9-24E2-49ED-8971-F427146D82D8}.Release|x86.Build.0 = Release|Any CPU
		{0486E721-5543-4513-9EEE-58D77D97572B}.Debug|Any CPU.ActiveCfg = Debug|Any CPU
		{0486E721-5543-4513-9EEE-58D77D97572B}.Debug|Any CPU.Build.0 = Debug|Any CPU
		{0486E721-5543-4513-9EEE-58D77D97572B}.Debug|x64.ActiveCfg = Debug|Any CPU
		{0486E721-5543-4513-9EEE-58D77D97572B}.Debug|x64.Build.0 = Debug|Any CPU
		{0486E721-5543-4513-9EEE-58D77D97572B}.Debug|x86.ActiveCfg = Debug|Any CPU
		{0486E721-5543-4513-9EEE-58D77D97572B}.Debug|x86.Build.0 = Debug|Any CPU
		{0486E721-5543-4513-9EEE-58D77D97572B}.Release|Any CPU.ActiveCfg = Release|Any CPU
		{0486E721-5543-4513-9EEE-58D77D97572B}.Release|Any CPU.Build.0 = Release|Any CPU
		{0486E721-5543-4513-9EEE-58D77D97572B}.Release|x64.ActiveCfg = Release|Any CPU
		{0486E721-5543-4513-9EEE-58D77D97572B}.Release|x64.Build.0 = Release|Any CPU
		{0486E721-5543-4513-9EEE-58D77D97572B}.Release|x86.ActiveCfg = Release|Any CPU
		{0486E721-5543-4513-9EEE-58D77D97572B}.Release|x86.Build.0 = Release|Any CPU
		{644EF707-EA0C-42AF-BF92-9641A3975DC4}.Debug|Any CPU.ActiveCfg = Debug|Any CPU
		{644EF707-EA0C-42AF-BF92-9641A3975DC4}.Debug|Any CPU.Build.0 = Debug|Any CPU
		{644EF707-EA0C-42AF-BF92-9641A3975DC4}.Debug|x64.ActiveCfg = Debug|Any CPU
		{644EF707-EA0C-42AF-BF92-9641A3975DC4}.Debug|x64.Build.0 = Debug|Any CPU
		{644EF707-EA0C-42AF-BF92-9641A3975DC4}.Debug|x86.ActiveCfg = Debug|Any CPU
		{644EF707-EA0C-42AF-BF92-9641A3975DC4}.Debug|x86.Build.0 = Debug|Any CPU
		{644EF707-EA0C-42AF-BF92-9641A3975DC4}.Release|Any CPU.ActiveCfg = Release|Any CPU
		{644EF707-EA0C-42AF-BF92-9641A3975DC4}.Release|Any CPU.Build.0 = Release|Any CPU
		{644EF707-EA0C-42AF-BF92-9641A3975DC4}.Release|x64.ActiveCfg = Release|Any CPU
		{644EF707-EA0C-42AF-BF92-9641A3975DC4}.Release|x64.Build.0 = Release|Any CPU
		{644EF707-EA0C-42AF-BF92-9641A3975DC4}.Release|x86.ActiveCfg = Release|Any CPU
		{644EF707-EA0C-42AF-BF92-9641A3975DC4}.Release|x86.Build.0 = Release|Any CPU
		{C0439605-A31C-46B6-9D2F-7553E5C052E8}.Debug|Any CPU.ActiveCfg = Debug|Any CPU
		{C0439605-A31C-46B6-9D2F-7553E5C052E8}.Debug|Any CPU.Build.0 = Debug|Any CPU
		{C0439605-A31C-46B6-9D2F-7553E5C052E8}.Debug|x64.ActiveCfg = Debug|Any CPU
		{C0439605-A31C-46B6-9D2F-7553E5C052E8}.Debug|x64.Build.0 = Debug|Any CPU
		{C0439605-A31C-46B6-9D2F-7553E5C052E8}.Debug|x86.ActiveCfg = Debug|Any CPU
		{C0439605-A31C-46B6-9D2F-7553E5C052E8}.Debug|x86.Build.0 = Debug|Any CPU
		{C0439605-A31C-46B6-9D2F-7553E5C052E8}.Release|Any CPU.ActiveCfg = Release|Any CPU
		{C0439605-A31C-46B6-9D2F-7553E5C052E8}.Release|Any CPU.Build.0 = Release|Any CPU
		{C0439605-A31C-46B6-9D2F-7553E5C052E8}.Release|x64.ActiveCfg = Release|Any CPU
		{C0439605-A31C-46B6-9D2F-7553E5C052E8}.Release|x64.Build.0 = Release|Any CPU
		{C0439605-A31C-46B6-9D2F-7553E5C052E8}.Release|x86.ActiveCfg = Release|Any CPU
		{C0439605-A31C-46B6-9D2F-7553E5C052E8}.Release|x86.Build.0 = Release|Any CPU
	EndGlobalSection
EndGlobal
